
Microsoft Visual Studio Solution File, Format Version 12.00
# Visual Studio Version 17
VisualStudioVersion = 17.5.2.0
MinimumVisualStudioVersion = 10.0.40219.1
Project("{2150E333-8FDC-42A3-9474-1A3956D46DE8}") = "src", "src", "{827E0CD3-B72D-47B6-A68D-7590B98EB39B}"
EndProject
Project("{2150E333-8FDC-42A3-9474-1A3956D46DE8}") = "Core", "Core", "{8D626EA8-CB54-BC41-363A-217881BEBA6E}"
EndProject
Project("{FAE04EC0-301F-11D3-BF4B-00C04F79EFBC}") = "ProjectManagement.Core", "src\Core\ProjectManagement.Core\ProjectManagement.Core.csproj", "{56806285-24AD-AAA3-CC38-F85FBC49435C}"
EndProject
Project("{2150E333-8FDC-42A3-9474-1A3956D46DE8}") = "Infrastructure", "Infrastructure", "{9048EB7F-3875-A59E-E36B-5BD4C6F2A282}"
EndProject
Project("{FAE04EC0-301F-11D3-BF4B-00C04F79EFBC}") = "ProjectManagement.Infrastructure", "src\Infrastructure\ProjectManagement.Infrastructure\ProjectManagement.Infrastructure.csproj", "{C7577486-F871-407B-9349-0412CFDC2B90}"
EndProject
Project("{2150E333-8FDC-42A3-9474-1A3956D46DE8}") = "Api", "Api", "{81034408-37C8-1011-444E-4C15C2FADA8E}"
EndProject
Project("{FAE04EC0-301F-11D3-BF4B-00C04F79EFBC}") = "ProjectManagement.Api", "src\Api\ProjectManagement.Api\ProjectManagement.Api.csproj", "{5A90A073-504F-41AC-BE91-FECB74337EF7}"
EndProject
Project("{2150E333-8FDC-42A3-9474-1A3956D46DE8}") = "Clients", "Clients", "{00B920E4-100F-D869-D8B1-04B3A2ED45DA}"
EndProject
Project("{FAE04EC0-301F-11D3-BF4B-00C04F79EFBC}") = "SignalR.Client", "src\Clients\SignalR.Client\SignalR.Client.csproj", "{7F62EB02-0620-4BE5-BE90-00AC9C672DB2}"
EndProject
Global
	GlobalSection(SolutionConfigurationPlatforms) = preSolution
		Debug|Any CPU = Debug|Any CPU
		Debug|x64 = Debug|x64
		Debug|x86 = Debug|x86
		Release|Any CPU = Release|Any CPU
		Release|x64 = Release|x64
		Release|x86 = Release|x86
	EndGlobalSection
	GlobalSection(ProjectConfigurationPlatforms) = postSolution
		{56806285-24AD-AAA3-CC38-F85FBC49435C}.Debug|Any CPU.ActiveCfg = Debug|Any CPU
		{56806285-24AD-AAA3-CC38-F85FBC49435C}.Debug|Any CPU.Build.0 = Debug|Any CPU
		{56806285-24AD-AAA3-CC38-F85FBC49435C}.Debug|x64.ActiveCfg = Debug|Any CPU
		{56806285-24AD-AAA3-CC38-F85FBC49435C}.Debug|x64.Build.0 = Debug|Any CPU
		{56806285-24AD-AAA3-CC38-F85FBC49435C}.Debug|x86.ActiveCfg = Debug|Any CPU
		{56806285-24AD-AAA3-CC38-F85FBC49435C}.Debug|x86.Build.0 = Debug|Any CPU
		{56806285-24AD-AAA3-CC38-F85FBC49435C}.Release|Any CPU.ActiveCfg = Release|Any CPU
		{56806285-24AD-AAA3-CC38-F85FBC49435C}.Release|Any CPU.Build.0 = Release|Any CPU
		{56806285-24AD-AAA3-CC38-F85FBC49435C}.Release|x64.ActiveCfg = Release|Any CPU
		{56806285-24AD-AAA3-CC38-F85FBC49435C}.Release|x64.Build.0 = Release|Any CPU
		{56806285-24AD-AAA3-CC38-F85FBC49435C}.Release|x86.ActiveCfg = Release|Any CPU
		{56806285-24AD-AAA3-CC38-F85FBC49435C}.Release|x86.Build.0 = Release|Any CPU
		{C7577486-F871-407B-9349-0412CFDC2B90}.Debug|Any CPU.ActiveCfg = Debug|Any CPU
		{C7577486-F871-407B-9349-0412CFDC2B90}.Debug|Any CPU.Build.0 = Debug|Any CPU
		{C7577486-F871-407B-9349-0412CFDC2B90}.Debug|x64.ActiveCfg = Debug|Any CPU
		{C7577486-F871-407B-9349-0412CFDC2B90}.Debug|x64.Build.0 = Debug|Any CPU
		{C7577486-F871-407B-9349-0412CFDC2B90}.Debug|x86.ActiveCfg = Debug|Any CPU
		{C7577486-F871-407B-9349-0412CFDC2B90}.Debug|x86.Build.0 = Debug|Any CPU
		{C7577486-F871-407B-9349-0412CFDC2B90}.Release|Any CPU.ActiveCfg = Release|Any CPU
		{C7577486-F871-407B-9349-0412CFDC2B90}.Release|Any CPU.Build.0 = Release|Any CPU
		{C7577486-F871-407B-9349-0412CFDC2B90}.Release|x64.ActiveCfg = Release|Any CPU
		{C7577486-F871-407B-9349-0412CFDC2B90}.Release|x64.Build.0 = Release|Any CPU
		{C7577486-F871-407B-9349-0412CFDC2B90}.Release|x86.ActiveCfg = Release|Any CPU
		{C7577486-F871-407B-9349-0412CFDC2B90}.Release|x86.Build.0 = Release|Any CPU
		{5A90A073-504F-41AC-BE91-FECB74337EF7}.Debug|Any CPU.ActiveCfg = Debug|Any CPU
		{5A90A073-504F-41AC-BE91-FECB74337EF7}.Debug|Any CPU.Build.0 = Debug|Any CPU
		{5A90A073-504F-41AC-BE91-FECB74337EF7}.Debug|x64.ActiveCfg = Debug|Any CPU
		{5A90A073-504F-41AC-BE91-FECB74337EF7}.Debug|x64.Build.0 = Debug|Any CPU
		{5A90A073-504F-41AC-BE91-FECB74337EF7}.Debug|x86.ActiveCfg = Debug|Any CPU
		{5A90A073-504F-41AC-BE91-FECB74337EF7}.Debug|x86.Build.0 = Debug|Any CPU
		{5A90A073-504F-41AC-BE91-FECB74337EF7}.Release|Any CPU.ActiveCfg = Release|Any CPU
		{5A90A073-504F-41AC-BE91-FECB74337EF7}.Release|Any CPU.Build.0 = Release|Any CPU
		{5A90A073-504F-41AC-BE91-FECB74337EF7}.Release|x64.ActiveCfg = Release|Any CPU
		{5A90A073-504F-41AC-BE91-FECB74337EF7}.Release|x64.Build.0 = Release|Any CPU
		{5A90A073-504F-41AC-BE91-FECB74337EF7}.Release|x86.ActiveCfg = Release|Any CPU
		{5A90A073-504F-41AC-BE91-FECB74337EF7}.Release|x86.Build.0 = Release|Any CPU
		{7F62EB02-0620-4BE5-BE90-00AC9C672DB2}.Debug|Any CPU.ActiveCfg = Debug|Any CPU
		{7F62EB02-0620-4BE5-BE90-00AC9C672DB2}.Debug|Any CPU.Build.0 = Debug|Any CPU
		{7F62EB02-0620-4BE5-BE90-00AC9C672DB2}.Debug|x64.ActiveCfg = Debug|Any CPU
		{7F62EB02-0620-4BE5-BE90-00AC9C672DB2}.Debug|x64.Build.0 = Debug|Any CPU
		{7F62EB02-0620-4BE5-BE90-00AC9C672DB2}.Debug|x86.ActiveCfg = Debug|Any CPU
		{7F62EB02-0620-4BE5-BE90-00AC9C672DB2}.Debug|x86.Build.0 = Debug|Any CPU
		{7F62EB02-0620-4BE5-BE90-00AC9C672DB2}.Release|Any CPU.ActiveCfg = Release|Any CPU
		{7F62EB02-0620-4BE5-BE90-00AC9C672DB2}.Release|Any CPU.Build.0 = Release|Any CPU
		{7F62EB02-0620-4BE5-BE90-00AC9C672DB2}.Release|x64.ActiveCfg = Release|Any CPU
		{7F62EB02-0620-4BE5-BE90-00AC9C672DB2}.Release|x64.Build.0 = Release|Any CPU
		{7F62EB02-0620-4BE5-BE90-00AC9C672DB2}.Release|x86.ActiveCfg = Release|Any CPU
		{7F62EB02-0620-4BE5-BE90-00AC9C672DB2}.Release|x86.Build.0 = Release|Any CPU
	EndGlobalSection
	GlobalSection(SolutionProperties) = preSolution
		HideSolutionNode = FALSE
	EndGlobalSection
	GlobalSection(NestedProjects) = preSolution
		{8D626EA8-CB54-BC41-363A-217881BEBA6E} = {827E0CD3-B72D-47B6-A68D-7590B98EB39B}
		{56806285-24AD-AAA3-CC38-F85FBC49435C} = {8D626EA8-CB54-BC41-363A-217881BEBA6E}
		{9048EB7F-3875-A59E-E36B-5BD4C6F2A282} = {827E0CD3-B72D-47B6-A68D-7590B98EB39B}
		{C7577486-F871-407B-9349-0412CFDC2B90} = {9048EB7F-3875-A59E-E36B-5BD4C6F2A282}
		{81034408-37C8-1011-444E-4C15C2FADA8E} = {827E0CD3-B72D-47B6-A68D-7590B98EB39B}
		{5A90A073-504F-41AC-BE91-FECB74337EF7} = {81034408-37C8-1011-444E-4C15C2FADA8E}
		{00B920E4-100F-D869-D8B1-04B3A2ED45DA} = {827E0CD3-B72D-47B6-A68D-7590B98EB39B}
		{7F62EB02-0620-4BE5-BE90-00AC9C672DB2} = {00B920E4-100F-D869-D8B1-04B3A2ED45DA}
	EndGlobalSection
	GlobalSection(ExtensibilityGlobals) = postSolution
		SolutionGuid = {FA54FAF6-1E67-4958-9D7B-FB4DDE63DAE1}
	EndGlobalSection
EndGlobal
